Microsoft Visual Studio Solution File, Format Version 12.00
# Visual Studio Version 17
VisualStudioVersion = 17.5.2.0
MinimumVisualStudioVersion = 10.0.40219.1
Project("{FAE04EC0-301F-11D3-BF4B-00C04F79EFBC}") = "ImoSphere", "ImoSphere.csproj", "{7F3D789F-34BC-A4F2-B3C5-2299503450DF}"
EndProject
Global
	GlobalSection(SolutionConfigurationPlatforms) = preSolution
		Debug|Any CPU = Debug|Any CPU
		Release|Any CPU = Release|Any CPU
	EndGlobalSection
	GlobalSection(ProjectConfigurationPlatforms) = postSolution
		{7F3D789F-34BC-A4F2-B3C5-2299503450DF}.Debug|Any CPU.ActiveCfg = Debug|Any CPU
		{7F3D789F-34BC-A4F2-B3C5-2299503450DF}.Debug|Any CPU.Build.0 = Debug|Any CPU
		{7F3D789F-34BC-A4F2-B3C5-2299503450DF}.Release|Any CPU.ActiveCfg = Release|Any CPU
		{7F3D789F-34BC-A4F2-B3C5-2299503450DF}.Release|Any CPU.Build.0 = Release|Any CPU
	EndGlobalSection
	GlobalSection(SolutionProperties) = preSolution
		HideSolutionNode = FALSE
	EndGlobalSection
	GlobalSection(ExtensibilityGlobals) = postSolution
		SolutionGuid = {4D4960B5-C381-4413-AD12-239264471711}
	EndGlobalSection
EndGlobal
